
Microsoft Visual Studio Solution File, Format Version 12.00
# Visual Studio Version 17
VisualStudioVersion = 17.8.34316.72
MinimumVisualStudioVersion = 10.0.40219.1
Project("{9A19103F-16F7-4668-BE54-9A1E7A4F7556}") = "BookStore_AzureAppService", "BookStore_AzureAppService.csproj", "{46682D2D-A3B4-410E-BC47-969EDFB8D9AA}"
EndProject
Global
	GlobalSection(SolutionConfigurationPlatforms) = preSolution
		Debug|Any CPU = Debug|Any CPU
		Release|Any CPU = Release|Any CPU
	EndGlobalSection
	GlobalSection(ProjectConfigurationPlatforms) = postSolution
		{46682D2D-A3B4-410E-BC47-969EDFB8D9AA}.Debug|Any CPU.ActiveCfg = Debug|Any CPU
		{46682D2D-A3B4-410E-BC47-969EDFB8D9AA}.Debug|Any CPU.Build.0 = Debug|Any CPU
		{46682D2D-A3B4-410E-BC47-969EDFB8D9AA}.Release|Any CPU.ActiveCfg = Release|Any CPU
		{46682D2D-A3B4-410E-BC47-969EDFB8D9AA}.Release|Any CPU.Build.0 = Release|Any CPU
	EndGlobalSection
	GlobalSection(SolutionProperties) = preSolution
		HideSolutionNode = FALSE
	EndGlobalSection
	GlobalSection(ExtensibilityGlobals) = postSolution
		SolutionGuid = {9F412F15-E873-403A-9893-B1FCD51C251D}
	EndGlobalSection
EndGlobal
