
Microsoft Visual Studio Solution File, Format Version 12.00
# Visual Studio Version 17
VisualStudioVersion = 17.8.34316.72
MinimumVisualStudioVersion = 10.0.40219.1
Project("{FAE04EC0-301F-11D3-BF4B-00C04F79EFBC}") = "FeatureFlags", "FeatureFlags\FeatureFlags.csproj", "{0DE2FA35-712A-4ACC-B30D-930504E1102B}"
EndProject
Global
	GlobalSection(SolutionConfigurationPlatforms) = preSolution
		Debug|Any CPU = Debug|Any CPU
		Release|Any CPU = Release|Any CPU
	EndGlobalSection
	GlobalSection(ProjectConfigurationPlatforms) = postSolution
		{0DE2FA35-712A-4ACC-B30D-930504E1102B}.Debug|Any CPU.ActiveCfg = Debug|Any CPU
		{0DE2FA35-712A-4ACC-B30D-930504E1102B}.Debug|Any CPU.Build.0 = Debug|Any CPU
		{0DE2FA35-712A-4ACC-B30D-930504E1102B}.Release|Any CPU.ActiveCfg = Release|Any CPU
		{0DE2FA35-712A-4ACC-B30D-930504E1102B}.Release|Any CPU.Build.0 = Release|Any CPU
	EndGlobalSection
	GlobalSection(SolutionProperties) = preSolution
		HideSolutionNode = FALSE
	EndGlobalSection
	GlobalSection(ExtensibilityGlobals) = postSolution
		SolutionGuid = {563287A0-C1A2-41C3-A2F5-FFCE953986D5}
	EndGlobalSection
EndGlobal
